{
  "name": "webui_alpine",
  "version": "0.0.0",
  "lockfileVersion": 2,
  "requires": true,
  "packages": {
    "": {
      "version": "0.0.0",
      "dependencies": {
        "alpinejs": "^3.0.1"
      },
      "devDependencies": {
        "dotenv": "^10.0.0",
        "posthtml-expressions": "^1.7.1",
        "posthtml-include": "^1.7.1",
        "vite": "^2.3.7",
        "vite-plugin-html-env": "^1.0.2-0",
        "vite-plugin-posthtml": "^0.0.2"
      }
    },
    "node_modules/@vue/reactivity": {
      "version": "3.1.1",
      "resolved": "https://registry.npmjs.org/@vue/reactivity/-/reactivity-3.1.1.tgz",
      "integrity": "sha512-DsH5woNVCcPK1M0RRYVgJEU1GJDU2ASOKpAqW3ppHk+XjoFLCbqc/26RTCgTpJYd9z8VN+79Q1u7/QqgQPbuLQ==",
      "dependencies": {
        "@vue/shared": "3.1.1"
      }
    },
    "node_modules/@vue/shared": {
      "version": "3.1.1",
      "resolved": "https://registry.npmjs.org/@vue/shared/-/shared-3.1.1.tgz",
      "integrity": "sha512-g+4pzAw7PYSjARtLBoDq6DmcblX8i9KJHSCnyM5VDDFFifUaUT9iHbFpOF/KOizQ9f7QAqU2JH3Y6aXjzUMhVA=="
    },
    "node_modules/alpinejs": {
      "version": "3.0.1",
      "resolved": "https://registry.npmjs.org/alpinejs/-/alpinejs-3.0.1.tgz",
      "integrity": "sha512-a01c/52yg4tyuA1yMgR/Eip/4W/slUxr8DqbVz08ltmjBMoBxSNqIjN+UTz1xr7YFoT2f8EhlhwYJV7dCWxd2w==",
      "dependencies": {
        "@vue/reactivity": "^3.0.2"
      }
    },
    "node_modules/colorette": {
      "version": "1.2.2",
      "resolved": "https://registry.npmjs.org/colorette/-/colorette-1.2.2.tgz",
      "integrity": "sha512-MKGMzyfeuutC/ZJ1cba9NqcNpfeqMUcYmyF1ZFY6/Cn7CNSAKx6a+s48sqLqyAiZuaP2TcqMhoo+dlwFnVxT9w==",
      "dev": true
    },
    "node_modules/dom-serializer": {
      "version": "1.3.2",
      "resolved": "https://registry.npmjs.org/dom-serializer/-/dom-serializer-1.3.2.tgz",
      "integrity": "sha512-5c54Bk5Dw4qAxNOI1pFEizPSjVsx5+bpJKmL2kPn8JhBUq2q09tTCa3mjijun2NfK78NMouDYNMBkOrPZiS+ig==",
      "dev": true,
      "dependencies": {
        "domelementtype": "^2.0.1",
        "domhandler": "^4.2.0",
        "entities": "^2.0.0"
      },
      "funding": {
        "url": "https://github.com/cheeriojs/dom-serializer?sponsor=1"
      }
    },
    "node_modules/domelementtype": {
      "version": "2.2.0",
      "resolved": "https://registry.npmjs.org/domelementtype/-/domelementtype-2.2.0.tgz",
      "integrity": "sha512-DtBMo82pv1dFtUmHyr48beiuq792Sxohr+8Hm9zoxklYPfa6n0Z3Byjj2IV7bmr2IyqClnqEQhfgHJJ5QF0R5A==",
      "dev": true,
      "funding": [
        {
          "type": "github",
          "url": "https://github.com/sponsors/fb55"
        }
      ]
    },
    "node_modules/domhandler": {
      "version": "4.2.0",
      "resolved": "https://registry.npmjs.org/domhandler/-/domhandler-4.2.0.tgz",
      "integrity": "sha512-zk7sgt970kzPks2Bf+dwT/PLzghLnsivb9CcxkvR8Mzr66Olr0Ofd8neSbglHJHaHa2MadfoSdNlKYAaafmWfA==",
      "dev": true,
      "dependencies": {
        "domelementtype": "^2.2.0"
      },
      "engines": {
        "node": ">= 4"
      },
      "funding": {
        "url": "https://github.com/fb55/domhandler?sponsor=1"
      }
    },
    "node_modules/domutils": {
      "version": "2.7.0",
      "resolved": "https://registry.npmjs.org/domutils/-/domutils-2.7.0.tgz",
      "integrity": "sha512-8eaHa17IwJUPAiB+SoTYBo5mCdeMgdcAoXJ59m6DT1vw+5iLS3gNoqYaRowaBKtGVrOF1Jz4yDTgYKLK2kvfJg==",
      "dev": true,
      "dependencies": {
        "dom-serializer": "^1.0.1",
        "domelementtype": "^2.2.0",
        "domhandler": "^4.2.0"
      },
      "funding": {
        "url": "https://github.com/fb55/domutils?sponsor=1"
      }
    },
    "node_modules/dotenv": {
      "version": "10.0.0",
      "resolved": "https://registry.npmjs.org/dotenv/-/dotenv-10.0.0.tgz",
      "integrity": "sha512-rlBi9d8jpv9Sf1klPjNfFAuWDjKLwTIJJ/VxtoTwIR6hnZxcEOQCZg2oIL3MWBYw5GpUDKOEnND7LXTbIpQ03Q==",
      "dev": true,
      "engines": {
        "node": ">=10"
      }
    },
    "node_modules/entities": {
      "version": "2.2.0",
      "resolved": "https://registry.npmjs.org/entities/-/entities-2.2.0.tgz",
      "integrity": "sha512-p92if5Nz619I0w+akJrLZH0MX0Pb5DX39XOwQTtXSdQQOaYH03S1uIQp4mhOZtAXrxq4ViO67YTiLBo2638o9A==",
      "dev": true,
      "funding": {
        "url": "https://github.com/fb55/entities?sponsor=1"
      }
    },
    "node_modules/esbuild": {
      "version": "0.12.8",
      "resolved": "https://registry.npmjs.org/esbuild/-/esbuild-0.12.8.tgz",
      "integrity": "sha512-sx/LwlP/SWTGsd9G4RlOPrXnIihAJ2xwBUmzoqe2nWwbXORMQWtAGNJNYLBJJqa3e9PWvVzxdrtyFZJcr7D87g==",
      "dev": true,
      "hasInstallScript": true,
      "bin": {
        "esbuild": "bin/esbuild"
      }
    },
    "node_modules/fclone": {
      "version": "1.0.11",
      "resolved": "https://registry.npmjs.org/fclone/-/fclone-1.0.11.tgz",
      "integrity": "sha1-EOhdo4v+p/xZk0HClu4ddyZu5kA=",
      "dev": true
    },
    "node_modules/fsevents": {
      "version": "2.3.2",
      "resolved": "https://registry.npmjs.org/fsevents/-/fsevents-2.3.2.tgz",
      "integrity": "sha512-xiqMQR4xAeHTuB9uWm+fFRcIOgKBMiOBP+eXiyT7jsgVCq1bkVygt00oASowB7EdtpOHaaPgKt812P9ab+DDKA==",
      "dev": true,
      "hasInstallScript": true,
      "optional": true,
      "os": [
        "darwin"
      ],
      "engines": {
        "node": "^8.16.0 || ^10.6.0 || >=11.0.0"
      }
    },
    "node_modules/function-bind": {
      "version": "1.1.1",
      "resolved": "https://registry.npmjs.org/function-bind/-/function-bind-1.1.1.tgz",
      "integrity": "sha512-yIovAzMX49sF8Yl58fSCWJ5svSLuaibPxXQJFLmBObTuCr0Mf1KiPopGM9NiFjiYBCbfaa2Fh6breQ6ANVTI0A==",
      "dev": true
    },
    "node_modules/has": {
      "version": "1.0.3",
      "resolved": "https://registry.npmjs.org/has/-/has-1.0.3.tgz",
      "integrity": "sha512-f2dvO0VU6Oej7RkWJGrehjbzMAjFp5/VKPp5tTpWIV4JHHZK1/BxbFRtf/siA2SWTe09caDmVtYYzWEIbBS4zw==",
      "dev": true,
      "dependencies": {
        "function-bind": "^1.1.1"
      },
      "engines": {
        "node": ">= 0.4.0"
      }
    },
    "node_modules/htmlparser2": {
      "version": "6.1.0",
      "resolved": "https://registry.npmjs.org/htmlparser2/-/htmlparser2-6.1.0.tgz",
      "integrity": "sha512-gyyPk6rgonLFEDGoeRgQNaEUvdJ4ktTmmUh/h2t7s+M8oPpIPxgNACWa+6ESR57kXstwqPiCut0V8NRpcwgU7A==",
      "dev": true,
      "funding": [
        "https://github.com/fb55/htmlparser2?sponsor=1",
        {
          "type": "github",
          "url": "https://github.com/sponsors/fb55"
        }
      ],
      "dependencies": {
        "domelementtype": "^2.0.1",
        "domhandler": "^4.0.0",
        "domutils": "^2.5.2",
        "entities": "^2.0.0"
      }
    },
    "node_modules/is-core-module": {
      "version": "2.4.0",
      "resolved": "https://registry.npmjs.org/is-core-module/-/is-core-module-2.4.0.tgz",
      "integrity": "sha512-6A2fkfq1rfeQZjxrZJGerpLCTHRNEBiSgnu0+obeJpEPZRUooHgsizvzv0ZjJwOz3iWIHdJtVWJ/tmPr3D21/A==",
      "dev": true,
      "dependencies": {
        "has": "^1.0.3"
      },
      "funding": {
        "url": "https://github.com/sponsors/ljharb"
      }
    },
    "node_modules/nanoid": {
      "version": "3.1.23",
      "resolved": "https://registry.npmjs.org/nanoid/-/nanoid-3.1.23.tgz",
      "integrity": "sha512-FiB0kzdP0FFVGDKlRLEQ1BgDzU87dy5NnzjeW9YZNt+/c3+q82EQDUwniSAUxp/F0gFNI1ZhKU1FqYsMuqZVnw==",
      "dev": true,
      "bin": {
        "nanoid": "bin/nanoid.cjs"
      },
      "engines": {
        "node": "^10 || ^12 || ^13.7 || ^14 || >=15.0.1"
      }
    },
    "node_modules/path-parse": {
      "version": "1.0.7",
      "resolved": "https://registry.npmjs.org/path-parse/-/path-parse-1.0.7.tgz",
      "integrity": "sha512-LDJzPVEEEPR+y48z93A0Ed0yXb8pAByGWo/k5YYdYgpY2/2EsOsksJrq7lOHxryrVOn1ejG6oAp8ahvOIQD8sw==",
      "dev": true
    },
    "node_modules/postcss": {
      "version": "8.3.2",
      "resolved": "https://registry.npmjs.org/postcss/-/postcss-8.3.2.tgz",
      "integrity": "sha512-y1FK/AWdZlBF5lusS5j5l4/vF67+vQZt1SXPVJ32y1kRGDQyrs1zk32hG1cInRTu14P0V+orPz+ifwW/7rR4bg==",
      "dev": true,
      "dependencies": {
        "colorette": "^1.2.2",
        "nanoid": "^3.1.23",
        "source-map-js": "^0.6.2"
      },
      "engines": {
        "node": "^10 || ^12 || >=14"
      },
      "funding": {
        "type": "opencollective",
        "url": "https://opencollective.com/postcss/"
      }
    },
    "node_modules/posthtml": {
      "version": "0.15.2",
      "resolved": "https://registry.npmjs.org/posthtml/-/posthtml-0.15.2.tgz",
      "integrity": "sha512-YugEJ5ze/0DLRIVBjCpDwANWL4pPj1kHJ/2llY8xuInr0nbkon3qTiMPe5LQa+cCwNjxS7nAZZTp+1M+6mT4Zg==",
      "dev": true,
      "dependencies": {
        "posthtml-parser": "^0.7.2",
        "posthtml-render": "^1.3.1"
      },
      "engines": {
        "node": ">=10.0.0"
      }
    },
    "node_modules/posthtml-expressions": {
      "version": "1.7.1",
      "resolved": "https://registry.npmjs.org/posthtml-expressions/-/posthtml-expressions-1.7.1.tgz",
      "integrity": "sha512-OtshMi4yJO/KAUSzLOdhWPaffPApY3lXZpJKzu4jVHfO7b8/a26Hgsl/cjC6PGtpyDEHbYChnV/b4DbIUoVREw==",
      "dev": true,
      "dependencies": {
        "fclone": "^1.0.11",
        "posthtml-parser": "^0.6.0",
        "posthtml-render": "^1.4.0"
      },
      "engines": {
        "node": ">=10"
      }
    },
    "node_modules/posthtml-expressions/node_modules/domhandler": {
      "version": "3.3.0",
      "resolved": "https://registry.npmjs.org/domhandler/-/domhandler-3.3.0.tgz",
      "integrity": "sha512-J1C5rIANUbuYK+FuFL98650rihynUOEzRLxW+90bKZRWB6A1X1Tf82GxR1qAWLyfNPRvjqfip3Q5tdYlmAa9lA==",
      "dev": true,
      "dependencies": {
        "domelementtype": "^2.0.1"
      },
      "engines": {
        "node": ">= 4"
      },
      "funding": {
        "url": "https://github.com/fb55/domhandler?sponsor=1"
      }
    },
    "node_modules/posthtml-expressions/node_modules/htmlparser2": {
      "version": "5.0.1",
      "resolved": "https://registry.npmjs.org/htmlparser2/-/htmlparser2-5.0.1.tgz",
      "integrity": "sha512-vKZZra6CSe9qsJzh0BjBGXo8dvzNsq/oGvsjfRdOrrryfeD9UOBEEQdeoqCRmKZchF5h2zOBMQ6YuQ0uRUmdbQ==",
      "dev": true,
      "dependencies": {
        "domelementtype": "^2.0.1",
        "domhandler": "^3.3.0",
        "domutils": "^2.4.2",
        "entities": "^2.0.0"
      },
      "funding": {
        "url": "https://github.com/fb55/htmlparser2?sponsor=1"
      }
    },
    "node_modules/posthtml-expressions/node_modules/posthtml-parser": {
      "version": "0.6.0",
      "resolved": "https://registry.npmjs.org/posthtml-parser/-/posthtml-parser-0.6.0.tgz",
      "integrity": "sha512-5ffwKQNgtVHdhZniWxu+1ryvaZv5l25HPLUV6W5xy5nYVWMXtvjtwRnbSpfbKFvbyl7XI+d4AqkjmonkREqnXA==",
      "dev": true,
      "dependencies": {
        "htmlparser2": "^5.0.1"
      },
      "engines": {
        "node": ">=10.0.0"
      },
      "funding": {
        "type": "patreon",
        "url": "https://opencollective.com/posthtml"
      }
    },
    "node_modules/posthtml-include": {
      "version": "1.7.1",
      "resolved": "https://registry.npmjs.org/posthtml-include/-/posthtml-include-1.7.1.tgz",
      "integrity": "sha512-T/vE9JUPWtLRvi3W/tX9KQNL3j24FbxqpM1ftyhnB+YX5HBx607I5SNnFC6UAnxw5aBIC2M5LWgMpqCesoI8xA==",
      "dev": true,
      "dependencies": {
        "posthtml": "^0.15.1",
        "posthtml-expressions": "^1.7.1",
        "posthtml-parser": "^0.7.1"
      },
      "engines": {
        "node": ">=10"
      }
    },
    "node_modules/posthtml-parser": {
      "version": "0.7.2",
      "resolved": "https://registry.npmjs.org/posthtml-parser/-/posthtml-parser-0.7.2.tgz",
      "integrity": "sha512-LjEEG/3fNcWZtBfsOE3Gbyg1Li4CmsZRkH1UmbMR7nKdMXVMYI3B4/ZMiCpaq8aI1Aym4FRMMW9SAOLSwOnNsQ==",
      "dev": true,
      "dependencies": {
        "htmlparser2": "^6.0.0"
      },
      "engines": {
        "node": ">=10"
      }
    },
    "node_modules/posthtml-render": {
      "version": "1.4.0",
      "resolved": "https://registry.npmjs.org/posthtml-render/-/posthtml-render-1.4.0.tgz",
      "integrity": "sha512-W1779iVHGfq0Fvh2PROhCe2QhB8mEErgqzo1wpIt36tCgChafP+hbXIhLDOM8ePJrZcFs0vkNEtdibEWVqChqw==",
      "dev": true,
      "engines": {
        "node": ">=10"
      }
    },
    "node_modules/resolve": {
      "version": "1.20.0",
      "resolved": "https://registry.npmjs.org/resolve/-/resolve-1.20.0.tgz",
      "integrity": "sha512-wENBPt4ySzg4ybFQW2TT1zMQucPK95HSh/nq2CFTZVOGut2+pQvSsgtda4d26YrYcr067wjbmzOG8byDPBX63A==",
      "dev": true,
      "dependencies": {
        "is-core-module": "^2.2.0",
        "path-parse": "^1.0.6"
      },
      "funding": {
        "url": "https://github.com/sponsors/ljharb"
      }
    },
    "node_modules/rollup": {
      "version": "2.51.2",
      "resolved": "https://registry.npmjs.org/rollup/-/rollup-2.51.2.tgz",
      "integrity": "sha512-ReV2eGEadA7hmXSzjxdDKs10neqH2QURf2RxJ6ayAlq93ugy6qIvXMmbc5cWMGCDh1h5T4thuWO1e2VNbMq8FA==",
      "dev": true,
      "bin": {
        "rollup": "dist/bin/rollup"
      },
      "engines": {
        "node": ">=10.0.0"
      },
      "optionalDependencies": {
        "fsevents": "~2.3.1"
      }
    },
    "node_modules/source-map-js": {
      "version": "0.6.2",
      "resolved": "https://registry.npmjs.org/source-map-js/-/source-map-js-0.6.2.tgz",
      "integrity": "sha512-/3GptzWzu0+0MBQFrDKzw/DvvMTUORvgY6k6jd/VS6iCR4RDTKWH6v6WPwQoUO8667uQEf9Oe38DxAYWY5F/Ug==",
      "dev": true,
      "engines": {
        "node": ">=0.10.0"
      }
    },
    "node_modules/vite": {
      "version": "2.3.7",
      "resolved": "https://registry.npmjs.org/vite/-/vite-2.3.7.tgz",
      "integrity": "sha512-Y0xRz11MPYu/EAvzN94+FsOZHbSvO6FUvHv127CyG7mV6oDoay2bw+g5y9wW3Blf8OY3chaz3nc/DcRe1IQ3Nw==",
      "dev": true,
      "dependencies": {
        "esbuild": "^0.12.5",
        "postcss": "^8.3.0",
        "resolve": "^1.19.0",
        "rollup": "^2.38.5"
      },
      "bin": {
        "vite": "bin/vite.js"
      },
      "engines": {
        "node": ">=12.0.0"
      },
      "optionalDependencies": {
        "fsevents": "~2.3.1"
      }
    },
    "node_modules/vite-plugin-html-env": {
      "version": "1.0.2-0",
      "resolved": "https://registry.npmjs.org/vite-plugin-html-env/-/vite-plugin-html-env-1.0.2-0.tgz",
      "integrity": "sha512-95Ufkah4ZzvqouXwFu8AqLxl8UBAvN1G4f+sfVqOBwBBPYZOOfOSrrprJ2liC9jHe1FxMFBwxX0nONsFUYvvAA==",
      "dev": true,
      "engines": {
        "node": ">=12.0.0"
      },
      "peerDependencies": {
        "vite": "^2.1.3"
      }
    },
    "node_modules/vite-plugin-posthtml": {
      "version": "0.0.2",
      "resolved": "https://registry.npmjs.org/vite-plugin-posthtml/-/vite-plugin-posthtml-0.0.2.tgz",
      "integrity": "sha512-QYibaPSL4IgFk9h4Vkt3Xf6OVK5lyPwseKv1j6YxQNxJDcwmjw+7oH0x1Y9UwAHWGZOaZ85PKhqZPiZsl9dGQA==",
      "dev": true,
      "dependencies": {
        "posthtml": "^0.15.2"
      }
    }
  },
  "dependencies": {
    "@vue/reactivity": {
      "version": "3.1.1",
      "resolved": "https://registry.npmjs.org/@vue/reactivity/-/reactivity-3.1.1.tgz",
      "integrity": "sha512-DsH5woNVCcPK1M0RRYVgJEU1GJDU2ASOKpAqW3ppHk+XjoFLCbqc/26RTCgTpJYd9z8VN+79Q1u7/QqgQPbuLQ==",
      "requires": {
        "@vue/shared": "3.1.1"
      }
    },
    "@vue/shared": {
      "version": "3.1.1",
      "resolved": "https://registry.npmjs.org/@vue/shared/-/shared-3.1.1.tgz",
      "integrity": "sha512-g+4pzAw7PYSjARtLBoDq6DmcblX8i9KJHSCnyM5VDDFFifUaUT9iHbFpOF/KOizQ9f7QAqU2JH3Y6aXjzUMhVA=="
    },
    "alpinejs": {
      "version": "3.0.1",
      "resolved": "https://registry.npmjs.org/alpinejs/-/alpinejs-3.0.1.tgz",
      "integrity": "sha512-a01c/52yg4tyuA1yMgR/Eip/4W/slUxr8DqbVz08ltmjBMoBxSNqIjN+UTz1xr7YFoT2f8EhlhwYJV7dCWxd2w==",
      "requires": {
        "@vue/reactivity": "^3.0.2"
      }
    },
    "colorette": {
      "version": "1.2.2",
      "resolved": "https://registry.npmjs.org/colorette/-/colorette-1.2.2.tgz",
      "integrity": "sha512-MKGMzyfeuutC/ZJ1cba9NqcNpfeqMUcYmyF1ZFY6/Cn7CNSAKx6a+s48sqLqyAiZuaP2TcqMhoo+dlwFnVxT9w==",
      "dev": true
    },
    "dom-serializer": {
      "version": "1.3.2",
      "resolved": "https://registry.npmjs.org/dom-serializer/-/dom-serializer-1.3.2.tgz",
      "integrity": "sha512-5c54Bk5Dw4qAxNOI1pFEizPSjVsx5+bpJKmL2kPn8JhBUq2q09tTCa3mjijun2NfK78NMouDYNMBkOrPZiS+ig==",
      "dev": true,
      "requires": {
        "domelementtype": "^2.0.1",
        "domhandler": "^4.2.0",
        "entities": "^2.0.0"
      }
    },
    "domelementtype": {
      "version": "2.2.0",
      "resolved": "https://registry.npmjs.org/domelementtype/-/domelementtype-2.2.0.tgz",
      "integrity": "sha512-DtBMo82pv1dFtUmHyr48beiuq792Sxohr+8Hm9zoxklYPfa6n0Z3Byjj2IV7bmr2IyqClnqEQhfgHJJ5QF0R5A==",
      "dev": true
    },
    "domhandler": {
      "version": "4.2.0",
      "resolved": "https://registry.npmjs.org/domhandler/-/domhandler-4.2.0.tgz",
      "integrity": "sha512-zk7sgt970kzPks2Bf+dwT/PLzghLnsivb9CcxkvR8Mzr66Olr0Ofd8neSbglHJHaHa2MadfoSdNlKYAaafmWfA==",
      "dev": true,
      "requires": {
        "domelementtype": "^2.2.0"
      }
    },
    "domutils": {
      "version": "2.7.0",
      "resolved": "https://registry.npmjs.org/domutils/-/domutils-2.7.0.tgz",
      "integrity": "sha512-8eaHa17IwJUPAiB+SoTYBo5mCdeMgdcAoXJ59m6DT1vw+5iLS3gNoqYaRowaBKtGVrOF1Jz4yDTgYKLK2kvfJg==",
      "dev": true,
      "requires": {
        "dom-serializer": "^1.0.1",
        "domelementtype": "^2.2.0",
        "domhandler": "^4.2.0"
      }
    },
    "dotenv": {
      "version": "10.0.0",
      "resolved": "https://registry.npmjs.org/dotenv/-/dotenv-10.0.0.tgz",
      "integrity": "sha512-rlBi9d8jpv9Sf1klPjNfFAuWDjKLwTIJJ/VxtoTwIR6hnZxcEOQCZg2oIL3MWBYw5GpUDKOEnND7LXTbIpQ03Q==",
      "dev": true
    },
    "entities": {
      "version": "2.2.0",
      "resolved": "https://registry.npmjs.org/entities/-/entities-2.2.0.tgz",
      "integrity": "sha512-p92if5Nz619I0w+akJrLZH0MX0Pb5DX39XOwQTtXSdQQOaYH03S1uIQp4mhOZtAXrxq4ViO67YTiLBo2638o9A==",
      "dev": true
    },
    "esbuild": {
      "version": "0.12.8",
      "resolved": "https://registry.npmjs.org/esbuild/-/esbuild-0.12.8.tgz",
      "integrity": "sha512-sx/LwlP/SWTGsd9G4RlOPrXnIihAJ2xwBUmzoqe2nWwbXORMQWtAGNJNYLBJJqa3e9PWvVzxdrtyFZJcr7D87g==",
      "dev": true
    },
    "fclone": {
      "version": "1.0.11",
      "resolved": "https://registry.npmjs.org/fclone/-/fclone-1.0.11.tgz",
      "integrity": "sha1-EOhdo4v+p/xZk0HClu4ddyZu5kA=",
      "dev": true
    },
    "fsevents": {
      "version": "2.3.2",
      "resolved": "https://registry.npmjs.org/fsevents/-/fsevents-2.3.2.tgz",
      "integrity": "sha512-xiqMQR4xAeHTuB9uWm+fFRcIOgKBMiOBP+eXiyT7jsgVCq1bkVygt00oASowB7EdtpOHaaPgKt812P9ab+DDKA==",
      "dev": true,
      "optional": true
    },
    "function-bind": {
      "version": "1.1.1",
      "resolved": "https://registry.npmjs.org/function-bind/-/function-bind-1.1.1.tgz",
      "integrity": "sha512-yIovAzMX49sF8Yl58fSCWJ5svSLuaibPxXQJFLmBObTuCr0Mf1KiPopGM9NiFjiYBCbfaa2Fh6breQ6ANVTI0A==",
      "dev": true
    },
    "has": {
      "version": "1.0.3",
      "resolved": "https://registry.npmjs.org/has/-/has-1.0.3.tgz",
      "integrity": "sha512-f2dvO0VU6Oej7RkWJGrehjbzMAjFp5/VKPp5tTpWIV4JHHZK1/BxbFRtf/siA2SWTe09caDmVtYYzWEIbBS4zw==",
      "dev": true,
      "requires": {
        "function-bind": "^1.1.1"
      }
    },
    "htmlparser2": {
      "version": "6.1.0",
      "resolved": "https://registry.npmjs.org/htmlparser2/-/htmlparser2-6.1.0.tgz",
      "integrity": "sha512-gyyPk6rgonLFEDGoeRgQNaEUvdJ4ktTmmUh/h2t7s+M8oPpIPxgNACWa+6ESR57kXstwqPiCut0V8NRpcwgU7A==",
      "dev": true,
      "requires": {
        "domelementtype": "^2.0.1",
        "domhandler": "^4.0.0",
        "domutils": "^2.5.2",
        "entities": "^2.0.0"
      }
    },
    "is-core-module": {
      "version": "2.4.0",
      "resolved": "https://registry.npmjs.org/is-core-module/-/is-core-module-2.4.0.tgz",
      "integrity": "sha512-6A2fkfq1rfeQZjxrZJGerpLCTHRNEBiSgnu0+obeJpEPZRUooHgsizvzv0ZjJwOz3iWIHdJtVWJ/tmPr3D21/A==",
      "dev": true,
      "requires": {
        "has": "^1.0.3"
      }
    },
    "nanoid": {
      "version": "3.1.23",
      "resolved": "https://registry.npmjs.org/nanoid/-/nanoid-3.1.23.tgz",
      "integrity": "sha512-FiB0kzdP0FFVGDKlRLEQ1BgDzU87dy5NnzjeW9YZNt+/c3+q82EQDUwniSAUxp/F0gFNI1ZhKU1FqYsMuqZVnw==",
      "dev": true
    },
    "path-parse": {
      "version": "1.0.7",
      "resolved": "https://registry.npmjs.org/path-parse/-/path-parse-1.0.7.tgz",
      "integrity": "sha512-LDJzPVEEEPR+y48z93A0Ed0yXb8pAByGWo/k5YYdYgpY2/2EsOsksJrq7lOHxryrVOn1ejG6oAp8ahvOIQD8sw==",
      "dev": true
    },
    "postcss": {
      "version": "8.3.2",
      "resolved": "https://registry.npmjs.org/postcss/-/postcss-8.3.2.tgz",
      "integrity": "sha512-y1FK/AWdZlBF5lusS5j5l4/vF67+vQZt1SXPVJ32y1kRGDQyrs1zk32hG1cInRTu14P0V+orPz+ifwW/7rR4bg==",
      "dev": true,
      "requires": {
        "colorette": "^1.2.2",
        "nanoid": "^3.1.23",
        "source-map-js": "^0.6.2"
      }
    },
    "posthtml": {
      "version": "0.15.2",
      "resolved": "https://registry.npmjs.org/posthtml/-/posthtml-0.15.2.tgz",
      "integrity": "sha512-YugEJ5ze/0DLRIVBjCpDwANWL4pPj1kHJ/2llY8xuInr0nbkon3qTiMPe5LQa+cCwNjxS7nAZZTp+1M+6mT4Zg==",
      "dev": true,
      "requires": {
        "posthtml-parser": "^0.7.2",
        "posthtml-render": "^1.3.1"
      }
    },
    "posthtml-expressions": {
      "version": "1.7.1",
      "resolved": "https://registry.npmjs.org/posthtml-expressions/-/posthtml-expressions-1.7.1.tgz",
      "integrity": "sha512-OtshMi4yJO/KAUSzLOdhWPaffPApY3lXZpJKzu4jVHfO7b8/a26Hgsl/cjC6PGtpyDEHbYChnV/b4DbIUoVREw==",
      "dev": true,
      "requires": {
        "fclone": "^1.0.11",
        "posthtml-parser": "^0.6.0",
        "posthtml-render": "^1.4.0"
      },
      "dependencies": {
        "domhandler": {
          "version": "3.3.0",
          "resolved": "https://registry.npmjs.org/domhandler/-/domhandler-3.3.0.tgz",
          "integrity": "sha512-J1C5rIANUbuYK+FuFL98650rihynUOEzRLxW+90bKZRWB6A1X1Tf82GxR1qAWLyfNPRvjqfip3Q5tdYlmAa9lA==",
          "dev": true,
          "requires": {
            "domelementtype": "^2.0.1"
          }
        },
        "htmlparser2": {
          "version": "5.0.1",
          "resolved": "https://registry.npmjs.org/htmlparser2/-/htmlparser2-5.0.1.tgz",
          "integrity": "sha512-vKZZra6CSe9qsJzh0BjBGXo8dvzNsq/oGvsjfRdOrrryfeD9UOBEEQdeoqCRmKZchF5h2zOBMQ6YuQ0uRUmdbQ==",
          "dev": true,
          "requires": {
            "domelementtype": "^2.0.1",
            "domhandler": "^3.3.0",
            "domutils": "^2.4.2",
            "entities": "^2.0.0"
          }
        },
        "posthtml-parser": {
          "version": "0.6.0",
          "resolved": "https://registry.npmjs.org/posthtml-parser/-/posthtml-parser-0.6.0.tgz",
          "integrity": "sha512-5ffwKQNgtVHdhZniWxu+1ryvaZv5l25HPLUV6W5xy5nYVWMXtvjtwRnbSpfbKFvbyl7XI+d4AqkjmonkREqnXA==",
          "dev": true,
          "requires": {
            "htmlparser2": "^5.0.1"
          }
        }
      }
    },
    "posthtml-include": {
      "version": "1.7.1",
      "resolved": "https://registry.npmjs.org/posthtml-include/-/posthtml-include-1.7.1.tgz",
      "integrity": "sha512-T/vE9JUPWtLRvi3W/tX9KQNL3j24FbxqpM1ftyhnB+YX5HBx607I5SNnFC6UAnxw5aBIC2M5LWgMpqCesoI8xA==",
      "dev": true,
      "requires": {
        "posthtml": "^0.15.1",
        "posthtml-expressions": "^1.7.1",
        "posthtml-parser": "^0.7.1"
      }
    },
    "posthtml-parser": {
      "version": "0.7.2",
      "resolved": "https://registry.npmjs.org/posthtml-parser/-/posthtml-parser-0.7.2.tgz",
      "integrity": "sha512-LjEEG/3fNcWZtBfsOE3Gbyg1Li4CmsZRkH1UmbMR7nKdMXVMYI3B4/ZMiCpaq8aI1Aym4FRMMW9SAOLSwOnNsQ==",
      "dev": true,
      "requires": {
        "htmlparser2": "^6.0.0"
      }
    },
    "posthtml-render": {
      "version": "1.4.0",
      "resolved": "https://registry.npmjs.org/posthtml-render/-/posthtml-render-1.4.0.tgz",
      "integrity": "sha512-W1779iVHGfq0Fvh2PROhCe2QhB8mEErgqzo1wpIt36tCgChafP+hbXIhLDOM8ePJrZcFs0vkNEtdibEWVqChqw==",
      "dev": true
    },
    "resolve": {
      "version": "1.20.0",
      "resolved": "https://registry.npmjs.org/resolve/-/resolve-1.20.0.tgz",
      "integrity": "sha512-wENBPt4ySzg4ybFQW2TT1zMQucPK95HSh/nq2CFTZVOGut2+pQvSsgtda4d26YrYcr067wjbmzOG8byDPBX63A==",
      "dev": true,
      "requires": {
        "is-core-module": "^2.2.0",
        "path-parse": "^1.0.6"
      }
    },
    "rollup": {
      "version": "2.51.2",
      "resolved": "https://registry.npmjs.org/rollup/-/rollup-2.51.2.tgz",
      "integrity": "sha512-ReV2eGEadA7hmXSzjxdDKs10neqH2QURf2RxJ6ayAlq93ugy6qIvXMmbc5cWMGCDh1h5T4thuWO1e2VNbMq8FA==",
      "dev": true,
      "requires": {
        "fsevents": "~2.3.1"
      }
    },
    "source-map-js": {
      "version": "0.6.2",
      "resolved": "https://registry.npmjs.org/source-map-js/-/source-map-js-0.6.2.tgz",
      "integrity": "sha512-/3GptzWzu0+0MBQFrDKzw/DvvMTUORvgY6k6jd/VS6iCR4RDTKWH6v6WPwQoUO8667uQEf9Oe38DxAYWY5F/Ug==",
      "dev": true
    },
    "vite": {
      "version": "2.3.7",
      "resolved": "https://registry.npmjs.org/vite/-/vite-2.3.7.tgz",
      "integrity": "sha512-Y0xRz11MPYu/EAvzN94+FsOZHbSvO6FUvHv127CyG7mV6oDoay2bw+g5y9wW3Blf8OY3chaz3nc/DcRe1IQ3Nw==",
      "dev": true,
      "requires": {
        "esbuild": "^0.12.5",
        "fsevents": "~2.3.1",
        "postcss": "^8.3.0",
        "resolve": "^1.19.0",
        "rollup": "^2.38.5"
      }
    },
    "vite-plugin-html-env": {
      "version": "1.0.2-0",
      "resolved": "https://registry.npmjs.org/vite-plugin-html-env/-/vite-plugin-html-env-1.0.2-0.tgz",
      "integrity": "sha512-95Ufkah4ZzvqouXwFu8AqLxl8UBAvN1G4f+sfVqOBwBBPYZOOfOSrrprJ2liC9jHe1FxMFBwxX0nONsFUYvvAA==",
      "dev": true,
      "requires": {}
    },
    "vite-plugin-posthtml": {
      "version": "0.0.2",
      "resolved": "https://registry.npmjs.org/vite-plugin-posthtml/-/vite-plugin-posthtml-0.0.2.tgz",
      "integrity": "sha512-QYibaPSL4IgFk9h4Vkt3Xf6OVK5lyPwseKv1j6YxQNxJDcwmjw+7oH0x1Y9UwAHWGZOaZ85PKhqZPiZsl9dGQA==",
      "dev": true,
      "requires": {
        "posthtml": "^0.15.2"
      }
    }
  }
}
